// !$*UTF8*$!
{
	archiveVersion = 1;
	classes = {
	};
	objectVersion = 55;
	objects = {

/* Begin PBXBuildFile section */
		8A3A9B0928880006006F81CF /* RenderingExperimentsApp.swift in Sources */ = {isa = PBXBuildFile; fileRef = 8A3A9B0828880006006F81CF /* RenderingExperimentsApp.swift */; };
		8A3A9B0B28880006006F81CF /* CirclesGridView.swift in Sources */ = {isa = PBXBuildFile; fileRef = 8A3A9B0A28880006006F81CF /* CirclesGridView.swift */; };
		8A3A9B0D28880007006F81CF /* Assets.xcassets in Resources */ = {isa = PBXBuildFile; fileRef = 8A3A9B0C28880007006F81CF /* Assets.xcassets */; };
		8A3A9B1028880007006F81CF /* Preview Assets.xcassets in Resources */ = {isa = PBXBuildFile; fileRef = 8A3A9B0F28880007006F81CF /* Preview Assets.xcassets */; };
		8A3A9B1D288801A5006F81CF /* WidgetKit.framework in Frameworks */ = {isa = PBXBuildFile; fileRef = 8A3A9B1C288801A5006F81CF /* WidgetKit.framework */; };
		8A3A9B1F288801A5006F81CF /* SwiftUI.framework in Frameworks */ = {isa = PBXBuildFile; fileRef = 8A3A9B1E288801A5006F81CF /* SwiftUI.framework */; };
		8A3A9B22288801A5006F81CF /* RenderingExperimentsWidget.swift in Sources */ = {isa = PBXBuildFile; fileRef = 8A3A9B21288801A5006F81CF /* RenderingExperimentsWidget.swift */; };
		8A3A9B25288801A6006F81CF /* Assets.xcassets in Resources */ = {isa = PBXBuildFile; fileRef = 8A3A9B24288801A6006F81CF /* Assets.xcassets */; };
		8A3A9B27288801A6006F81CF /* RenderingExperimentsWidget.intentdefinition in Sources */ = {isa = PBXBuildFile; fileRef = 8A3A9B23288801A5006F81CF /* RenderingExperimentsWidget.intentdefinition */; };
		8A3A9B28288801A6006F81CF /* RenderingExperimentsWidget.intentdefinition in Sources */ = {isa = PBXBuildFile; fileRef = 8A3A9B23288801A5006F81CF /* RenderingExperimentsWidget.intentdefinition */; };
		8A3A9B2B288801A6006F81CF /* RenderingExperimentsWidgetExtension.appex in Embed App Extensions */ = {isa = PBXBuildFile; fileRef = 8A3A9B1A288801A5006F81CF /* RenderingExperimentsWidgetExtension.appex */; settings = {ATTRIBUTES = (RemoveHeadersOnCopy, ); }; };
		8A3A9B30288801E0006F81CF /* CirclesGridView.swift in Sources */ = {isa = PBXBuildFile; fileRef = 8A3A9B0A28880006006F81CF /* CirclesGridView.swift */; };
		8A7E2BEB289017E700CF7931 /* GridSettings.swift in Sources */ = {isa = PBXBuildFile; fileRef = 8A7E2BEA289017E700CF7931 /* GridSettings.swift */; };
		8A7E2BEC2890197E00CF7931 /* GridSettings.swift in Sources */ = {isa = PBXBuildFile; fileRef = 8A7E2BEA289017E700CF7931 /* GridSettings.swift */; };
/* End PBXBuildFile section */

/* Begin PBXContainerItemProxy section */
		8A3A9B29288801A6006F81CF /* PBXContainerItemProxy */ = {
			isa = PBXContainerItemProxy;
			containerPortal = 8A3A9AFD28880006006F81CF /* Project object */;
			proxyType = 1;
			remoteGlobalIDString = 8A3A9B19288801A5006F81CF;
			remoteInfo = RenderingExperimentsWidgetExtension;
		};
/* End PBXContainerItemProxy section */

/* Begin PBXCopyFilesBuildPhase section */
		8A3A9B2F288801A6006F81CF /* Embed App Extensions */ = {
			isa = PBXCopyFilesBuildPhase;
			buildActionMask = 2147483647;
			dstPath = "";
			dstSubfolderSpec = 13;
			files = (
				8A3A9B2B288801A6006F81CF /* RenderingExperimentsWidgetExtension.appex in Embed App Extensions */,
			);
			name = "Embed App Extensions";
			runOnlyForDeploymentPostprocessing = 0;
		};
/* End PBXCopyFilesBuildPhase section */

/* Begin PBXFileReference section */
		8A3A9B0528880006006F81CF /* RenderingExperiments.app */ = {isa = PBXFileReference; explicitFileType = wrapper.application; includeInIndex = 0; path = RenderingExperiments.app; sourceTree = BUILT_PRODUCTS_DIR; };
		8A3A9B0828880006006F81CF /* RenderingExperimentsApp.swift */ = {isa = PBXFileReference; lastKnownFileType = sourcecode.swift; path = RenderingExperimentsApp.swift; sourceTree = "<group>"; };
		8A3A9B0A28880006006F81CF /* CirclesGridView.swift */ = {isa = PBXFileReference; lastKnownFileType = sourcecode.swift; path = CirclesGridView.swift; sourceTree = "<group>"; };
		8A3A9B0C28880007006F81CF /* Assets.xcassets */ = {isa = PBXFileReference; lastKnownFileType = folder.assetcatalog; path = Assets.xcassets; sourceTree = "<group>"; };
		8A3A9B0F28880007006F81CF /* Preview Assets.xcassets */ = {isa = PBXFileReference; lastKnownFileType = folder.assetcatalog; path = "Preview Assets.xcassets"; sourceTree = "<group>"; };
		8A3A9B1A288801A5006F81CF /* RenderingExperimentsWidgetExtension.appex */ = {isa = PBXFileReference; explicitFileType = "wrapper.app-extension"; includeInIndex = 0; path = RenderingExperimentsWidgetExtension.appex; sourceTree = BUILT_PRODUCTS_DIR; };
		8A3A9B1C288801A5006F81CF /* WidgetKit.framework */ = {isa = PBXFileReference; lastKnownFileType = wrapper.framework; name = WidgetKit.framework; path = System/Library/Frameworks/WidgetKit.framework; sourceTree = SDKROOT; };
		8A3A9B1E288801A5006F81CF /* SwiftUI.framework */ = {isa = PBXFileReference; lastKnownFileType = wrapper.framework; name = SwiftUI.framework; path = System/Library/Frameworks/SwiftUI.framework; sourceTree = SDKROOT; };
		8A3A9B21288801A5006F81CF /* RenderingExperimentsWidget.swift */ = {isa = PBXFileReference; lastKnownFileType = sourcecode.swift; path = RenderingExperimentsWidget.swift; sourceTree = "<group>"; };
		8A3A9B23288801A5006F81CF /* RenderingExperimentsWidget.intentdefinition */ = {isa = PBXFileReference; lastKnownFileType = file.intentdefinition; path = RenderingExperimentsWidget.intentdefinition; sourceTree = "<group>"; };
		8A3A9B24288801A6006F81CF /* Assets.xcassets */ = {isa = PBXFileReference; lastKnownFileType = folder.assetcatalog; path = Assets.xcassets; sourceTree = "<group>"; };
		8A3A9B26288801A6006F81CF /* Info.plist */ = {isa = PBXFileReference; lastKnownFileType = text.plist.xml; path = Info.plist; sourceTree = "<group>"; };
		8A7E2BEA289017E700CF7931 /* GridSettings.swift */ = {isa = PBXFileReference; lastKnownFileType = sourcecode.swift; path = GridSettings.swift; sourceTree = "<group>"; };
/* End PBXFileReference section */

/* Begin PBXFrameworksBuildPhase section */
		8A3A9B0228880006006F81CF /* Frameworks */ = {
			isa = PBXFrameworksBuildPhase;
			buildActionMask = 2147483647;
			files = (
			);
			runOnlyForDeploymentPostprocessing = 0;
		};
		8A3A9B17288801A5006F81CF /* Frameworks */ = {
			isa = PBXFrameworksBuildPhase;
			buildActionMask = 2147483647;
			files = (
				8A3A9B1F288801A5006F81CF /* SwiftUI.framework in Frameworks */,
				8A3A9B1D288801A5006F81CF /* WidgetKit.framework in Frameworks */,
			);
			runOnlyForDeploymentPostprocessing = 0;
		};
/* End PBXFrameworksBuildPhase section */

/* Begin PBXGroup section */
		8A3A9AFC28880006006F81CF = {
			isa = PBXGroup;
			children = (
				8A3A9B0728880006006F81CF /* RenderingExperiments */,
				8A3A9B20288801A5006F81CF /* RenderingExperimentsWidget */,
				8A3A9B1B288801A5006F81CF /* Frameworks */,
				8A3A9B0628880006006F81CF /* Products */,
			);
			sourceTree = "<group>";
		};
		8A3A9B0628880006006F81CF /* Products */ = {
			isa = PBXGroup;
			children = (
				8A3A9B0528880006006F81CF /* RenderingExperiments.app */,
				8A3A9B1A288801A5006F81CF /* RenderingExperimentsWidgetExtension.appex */,
			);
			name = Products;
			sourceTree = "<group>";
		};
		8A3A9B0728880006006F81CF /* RenderingExperiments */ = {
			isa = PBXGroup;
			children = (
				8A3A9B0828880006006F81CF /* RenderingExperimentsApp.swift */,
				8A3A9B0A28880006006F81CF /* CirclesGridView.swift */,
				8A3A9B0C28880007006F81CF /* Assets.xcassets */,
				8A3A9B0E28880007006F81CF /* Preview Content */,
				8A7E2BEA289017E700CF7931 /* GridSettings.swift */,
			);
			path = RenderingExperiments;
			sourceTree = "<group>";
		};
		8A3A9B0E28880007006F81CF /* Preview Content */ = {
			isa = PBXGroup;
			children = (
				8A3A9B0F28880007006F81CF /* Preview Assets.xcassets */,
			);
			path = "Preview Content";
			sourceTree = "<group>";
		};
		8A3A9B1B288801A5006F81CF /* Frameworks */ = {
			isa = PBXGroup;
			children = (
				8A3A9B1C288801A5006F81CF /* WidgetKit.framework */,
				8A3A9B1E288801A5006F81CF /* SwiftUI.framework */,
			);
			name = Frameworks;
			sourceTree = "<group>";
		};
		8A3A9B20288801A5006F81CF /* RenderingExperimentsWidget */ = {
			isa = PBXGroup;
			children = (
				8A3A9B21288801A5006F81CF /* RenderingExperimentsWidget.swift */,
				8A3A9B23288801A5006F81CF /* RenderingExperimentsWidget.intentdefinition */,
				8A3A9B24288801A6006F81CF /* Assets.xcassets */,
				8A3A9B26288801A6006F81CF /* Info.plist */,
			);
			path = RenderingExperimentsWidget;
			sourceTree = "<group>";
		};
/* End PBXGroup section */

/* Begin PBXNativeTarget section */
		8A3A9B0428880006006F81CF /* RenderingExperiments */ = {
			isa = PBXNativeTarget;
			buildConfigurationList = 8A3A9B1328880007006F81CF /* Build configuration list for PBXNativeTarget "RenderingExperiments" */;
			buildPhases = (
				8A3A9B0128880006006F81CF /* Sources */,
				8A3A9B0228880006006F81CF /* Frameworks */,
				8A3A9B0328880006006F81CF /* Resources */,
				8A3A9B2F288801A6006F81CF /* Embed App Extensions */,
			);
			buildRules = (
			);
			dependencies = (
				8A3A9B2A288801A6006F81CF /* PBXTargetDependency */,
			);
			name = RenderingExperiments;
			productName = RenderingExperiments;
			productReference = 8A3A9B0528880006006F81CF /* RenderingExperiments.app */;
			productType = "com.apple.product-type.application";
		};
		8A3A9B19288801A5006F81CF /* RenderingExperimentsWidgetExtension */ = {
			isa = PBXNativeTarget;
			buildConfigurationList = 8A3A9B2C288801A6006F81CF /* Build configuration list for PBXNativeTarget "RenderingExperimentsWidgetExtension" */;
			buildPhases = (
				8A3A9B16288801A5006F81CF /* Sources */,
				8A3A9B17288801A5006F81CF /* Frameworks */,
				8A3A9B18288801A5006F81CF /* Resources */,
			);
			buildRules = (
			);
			dependencies = (
			);
			name = RenderingExperimentsWidgetExtension;
			productName = RenderingExperimentsWidgetExtension;
			productReference = 8A3A9B1A288801A5006F81CF /* RenderingExperimentsWidgetExtension.appex */;
			productType = "com.apple.product-type.app-extension";
		};
/* End PBXNativeTarget section */

/* Begin PBXProject section */
		8A3A9AFD28880006006F81CF /* Project object */ = {
			isa = PBXProject;
			attributes = {
				BuildIndependentTargetsInParallel = 1;
				LastSwiftUpdateCheck = 1330;
				LastUpgradeCheck = 1330;
				TargetAttributes = {
					8A3A9B0428880006006F81CF = {
						CreatedOnToolsVersion = 13.3;
					};
					8A3A9B19288801A5006F81CF = {
						CreatedOnToolsVersion = 13.3;
					};
				};
			};
			buildConfigurationList = 8A3A9B0028880006006F81CF /* Build configuration list for PBXProject "RenderingExperiments" */;
			compatibilityVersion = "Xcode 13.0";
			developmentRegion = en;
			hasScannedForEncodings = 0;
			knownRegions = (
				en,
				Base,
			);
			mainGroup = 8A3A9AFC28880006006F81CF;
			productRefGroup = 8A3A9B0628880006006F81CF /* Products */;
			projectDirPath = "";
			projectRoot = "";
			targets = (
				8A3A9B0428880006006F81CF /* RenderingExperiments */,
				8A3A9B19288801A5006F81CF /* RenderingExperimentsWidgetExtension */,
			);
		};
/* End PBXProject section */

/* Begin PBXResourcesBuildPhase section */
		8A3A9B0328880006006F81CF /* Resources */ = {
			isa = PBXResourcesBuildPhase;
			buildActionMask = 2147483647;
			files = (
				8A3A9B1028880007006F81CF /* Preview Assets.xcassets in Resources */,
				8A3A9B0D28880007006F81CF /* Assets.xcassets in Resources */,
			);
			runOnlyForDeploymentPostprocessing = 0;
		};
		8A3A9B18288801A5006F81CF /* Resources */ = {
			isa = PBXResourcesBuildPhase;
			buildActionMask = 2147483647;
			files = (
				8A3A9B25288801A6006F81CF /* Assets.xcassets in Resources */,
			);
			runOnlyForDeploymentPostprocessing = 0;
		};
/* End PBXResourcesBuildPhase section */

/* Begin PBXSourcesBuildPhase section */
		8A3A9B0128880006006F81CF /* Sources */ = {
			isa = PBXSourcesBuildPhase;
			buildActionMask = 2147483647;
			files = (
				8A7E2BEB289017E700CF7931 /* GridSettings.swift in Sources */,
				8A3A9B0B28880006006F81CF /* CirclesGridView.swift in Sources */,
				8A3A9B28288801A6006F81CF /* RenderingExperimentsWidget.intentdefinition in Sources */,
				8A3A9B0928880006006F81CF /* RenderingExperimentsApp.swift in Sources */,
			);
			runOnlyForDeploymentPostprocessing = 0;
		};
		8A3A9B16288801A5006F81CF /* Sources */ = {
			isa = PBXSourcesBuildPhase;
			buildActionMask = 2147483647;
			files = (
				8A7E2BEC2890197E00CF7931 /* GridSettings.swift in Sources */,
				8A3A9B27288801A6006F81CF /* RenderingExperimentsWidget.intentdefinition in Sources */,
				8A3A9B22288801A5006F81CF /* RenderingExperimentsWidget.swift in Sources */,
				8A3A9B30288801E0006F81CF /* CirclesGridView.swift in Sources */,
			);
			runOnlyForDeploymentPostprocessing = 0;
		};
/* End PBXSourcesBuildPhase section */

/* Begin PBXTargetDependency section */
		8A3A9B2A288801A6006F81CF /* PBXTargetDependency */ = {
			isa = PBXTargetDependency;
			target = 8A3A9B19288801A5006F81CF /* RenderingExperimentsWidgetExtension */;
			targetProxy = 8A3A9B29288801A6006F81CF /* PBXContainerItemProxy */;
		};
/* End PBXTargetDependency section */

/* Begin XCBuildConfiguration section */
		8A3A9B1128880007006F81CF /* Debug */ = {
			isa = XCBuildConfiguration;
			buildSettings = {
				ALWAYS_SEARCH_USER_PATHS = NO;
				CLANG_ANALYZER_NONNULL = YES;
				CLANG_ANALYZER_NUMBER_OBJECT_CONVERSION = YES_AGGRESSIVE;
				CLANG_CXX_LANGUAGE_STANDARD = "gnu++17";
				CLANG_ENABLE_MODULES = YES;
				CLANG_ENABLE_OBJC_ARC = YES;
				CLANG_ENABLE_OBJC_WEAK = YES;
				CLANG_WARN_BLOCK_CAPTURE_AUTORELEASING = YES;
				CLANG_WARN_BOOL_CONVERSION = YES;
				CLANG_WARN_COMMA = YES;
				CLANG_WARN_CONSTANT_CONVERSION = YES;
				CLANG_WARN_DEPRECATED_OBJC_IMPLEMENTATIONS = YES;
				CLANG_WARN_DIRECT_OBJC_ISA_USAGE = YES_ERROR;
				CLANG_WARN_DOCUMENTATION_COMMENTS = YES;
				CLANG_WARN_EMPTY_BODY = YES;
				CLANG_WARN_ENUM_CONVERSION = YES;
				CLANG_WARN_INFINITE_RECURSION = YES;
				CLANG_WARN_INT_CONVERSION = YES;
				CLANG_WARN_NON_LITERAL_NULL_CONVERSION = YES;
				CLANG_WARN_OBJC_IMPLICIT_RETAIN_SELF = YES;
				CLANG_WARN_OBJC_LITERAL_CONVERSION = YES;
				CLANG_WARN_OBJC_ROOT_CLASS = YES_ERROR;
				CLANG_WARN_QUOTED_INCLUDE_IN_FRAMEWORK_HEADER = YES;
				CLANG_WARN_RANGE_LOOP_ANALYSIS = YES;
				CLANG_WARN_STRICT_PROTOTYPES = YES;
				CLANG_WARN_SUSPICIOUS_MOVE = YES;
				CLANG_WARN_UNGUARDED_AVAILABILITY = YES_AGGRESSIVE;
				CLANG_WARN_UNREACHABLE_CODE = YES;
				CLANG_WARN__DUPLICATE_METHOD_MATCH = YES;
				COPY_PHASE_STRIP = NO;
				DEBUG_INFORMATION_FORMAT = dwarf;
				ENABLE_STRICT_OBJC_MSGSEND = YES;
				ENABLE_TESTABILITY = YES;
				GCC_C_LANGUAGE_STANDARD = gnu11;
				GCC_DYNAMIC_NO_PIC = NO;
				GCC_NO_COMMON_BLOCKS = YES;
				GCC_OPTIMIZATION_LEVEL = 0;
				GCC_PREPROCESSOR_DEFINITIONS = (
					"DEBUG=1",
					"$(inherited)",
				);
				GCC_WARN_64_TO_32_BIT_CONVERSION = YES;
				GCC_WARN_ABOUT_RETURN_TYPE = YES_ERROR;
				GCC_WARN_UNDECLARED_SELECTOR = YES;
				GCC_WARN_UNINITIALIZED_AUTOS = YES_AGGRESSIVE;
				GCC_WARN_UNUSED_FUNCTION = YES;
				GCC_WARN_UNUSED_VARIABLE = YES;
				IPHONEOS_DEPLOYMENT_TARGET = 15.4;
				MTL_ENABLE_DEBUG_INFO = INCLUDE_SOURCE;
				MTL_FAST_MATH = YES;
				ONLY_ACTIVE_ARCH = YES;
				SDKROOT = iphoneos;
				SWIFT_ACTIVE_COMPILATION_CONDITIONS = DEBUG;
				SWIFT_OPTIMIZATION_LEVEL = "-Onone";
			};
			name = Debug;
		};
		8A3A9B1228880007006F81CF /* Release */ = {
			isa = XCBuildConfiguration;
			buildSettings = {
				ALWAYS_SEARCH_USER_PATHS = NO;
				CLANG_ANALYZER_NONNULL = YES;
				CLANG_ANALYZER_NUMBER_OBJECT_CONVERSION = YES_AGGRESSIVE;
				CLANG_CXX_LANGUAGE_STANDARD = "gnu++17";
				CLANG_ENABLE_MODULES = YES;
				CLANG_ENABLE_OBJC_ARC = YES;
				CLANG_ENABLE_OBJC_WEAK = YES;
				CLANG_WARN_BLOCK_CAPTURE_AUTORELEASING = YES;
				CLANG_WARN_BOOL_CONVERSION = YES;
				CLANG_WARN_COMMA = YES;
				CLANG_WARN_CONSTANT_CONVERSION = YES;
				CLANG_WARN_DEPRECATED_OBJC_IMPLEMENTATIONS = YES;
				CLANG_WARN_DIRECT_OBJC_ISA_USAGE = YES_ERROR;
				CLANG_WARN_DOCUMENTATION_COMMENTS = YES;
				CLANG_WARN_EMPTY_BODY = YES;
				CLANG_WARN_ENUM_CONVERSION = YES;
				CLANG_WARN_INFINITE_RECURSION = YES;
				CLANG_WARN_INT_CONVERSION = YES;
				CLANG_WARN_NON_LITERAL_NULL_CONVERSION = YES;
				CLANG_WARN_OBJC_IMPLICIT_RETAIN_SELF = YES;
				CLANG_WARN_OBJC_LITERAL_CONVERSION = YES;
				CLANG_WARN_OBJC_ROOT_CLASS = YES_ERROR;
				CLANG_WARN_QUOTED_INCLUDE_IN_FRAMEWORK_HEADER = YES;
				CLANG_WARN_RANGE_LOOP_ANALYSIS = YES;
				CLANG_WARN_STRICT_PROTOTYPES = YES;
				CLANG_WARN_SUSPICIOUS_MOVE = YES;
				CLANG_WARN_UNGUARDED_AVAILABILITY = YES_AGGRESSIVE;
				CLANG_WARN_UNREACHABLE_CODE = YES;
				CLANG_WARN__DUPLICATE_METHOD_MATCH = YES;
				COPY_PHASE_STRIP = NO;
				DEBUG_INFORMATION_FORMAT = "dwarf-with-dsym";
				ENABLE_NS_ASSERTIONS = NO;
				ENABLE_STRICT_OBJC_MSGSEND = YES;
				GCC_C_LANGUAGE_STANDARD = gnu11;
				GCC_NO_COMMON_BLOCKS = YES;
				GCC_WARN_64_TO_32_BIT_CONVERSION = YES;
				GCC_WARN_ABOUT_RETURN_TYPE = YES_ERROR;
				GCC_WARN_UNDECLARED_SELECTOR = YES;
				GCC_WARN_UNINITIALIZED_AUTOS = YES_AGGRESSIVE;
				GCC_WARN_UNUSED_FUNCTION = YES;
				GCC_WARN_UNUSED_VARIABLE = YES;
				IPHONEOS_DEPLOYMENT_TARGET = 15.4;
				MTL_ENABLE_DEBUG_INFO = NO;
				MTL_FAST_MATH = YES;
				SDKROOT = iphoneos;
				SWIFT_COMPILATION_MODE = wholemodule;
				SWIFT_OPTIMIZATION_LEVEL = "-O";
				VALIDATE_PRODUCT = YES;
			};
			name = Release;
		};
		8A3A9B1428880007006F81CF /* Debug */ = {
			isa = XCBuildConfiguration;
			buildSettings = {
				ALWAYS_EMBED_SWIFT_STANDARD_LIBRARIES = YES;
				ASSETCATALOG_COMPILER_APPICON_NAME = AppIcon;
				ASSETCATALOG_COMPILER_GLOBAL_ACCENT_COLOR_NAME = AccentColor;
				CODE_SIGN_STYLE = Automatic;
				CURRENT_PROJECT_VERSION = 1;
				DEVELOPMENT_ASSET_PATHS = "\"RenderingExperiments/Preview Content\"";
				DEVELOPMENT_TEAM = 3L3PA22CNL;
				ENABLE_PREVIEWS = YES;
				GENERATE_INFOPLIST_FILE = YES;
				INFOPLIST_KEY_UIApplicationSceneManifest_Generation = YES;
				INFOPLIST_KEY_UIApplicationSupportsIndirectInputEvents = YES;
				INFOPLIST_KEY_UILaunchScreen_Generation = YES;
				INFOPLIST_KEY_UISupportedInterfaceOrientations_iPad = "UIInterfaceOrientationPortrait UIInterfaceOrientationPortraitUpsideDown UIInterfaceOrientationLandscapeLeft UIInterfaceOrientationLandscapeRight";
				INFOPLIST_KEY_UISupportedInterfaceOrientations_iPhone = "UIInterfaceOrientationPortrait UIInterfaceOrientationLandscapeLeft UIInterfaceOrientationLandscapeRight";
				LD_RUNPATH_SEARCH_PATHS = (
					"$(inherited)",
					"@executable_path/Frameworks",
				);
				MARKETING_VERSION = 1.0;
				PRODUCT_BUNDLE_IDENTIFIER = com.dziobaczy.RenderingExperiments;
				PRODUCT_NAME = "$(TARGET_NAME)";
				SWIFT_EMIT_LOC_STRINGS = YES;
				SWIFT_VERSION = 5.0;
				TARGETED_DEVICE_FAMILY = "1,2";
			};
			name = Debug;
		};
		8A3A9B1528880007006F81CF /* Release */ = {
			isa = XCBuildConfiguration;
			buildSettings = {
				ALWAYS_EMBED_SWIFT_STANDARD_LIBRARIES = YES;
				ASSETCATALOG_COMPILER_APPICON_NAME = AppIcon;
				ASSETCATALOG_COMPILER_GLOBAL_ACCENT_COLOR_NAME = AccentColor;
				CODE_SIGN_STYLE = Automatic;
				CURRENT_PROJECT_VERSION = 1;
				DEVELOPMENT_ASSET_PATHS = "\"RenderingExperiments/Preview Content\"";
				DEVELOPMENT_TEAM = 3L3PA22CNL;
				ENABLE_PREVIEWS = YES;
				GENERATE_INFOPLIST_FILE = YES;
				INFOPLIST_KEY_UIApplicationSceneManifest_Generation = YES;
				INFOPLIST_KEY_UIApplicationSupportsIndirectInputEvents = YES;
				INFOPLIST_KEY_UILaunchScreen_Generation = YES;
				INFOPLIST_KEY_UISupportedInterfaceOrientations_iPad = "UIInterfaceOrientationPortrait UIInterfaceOrientationPortraitUpsideDown UIInterfaceOrientationLandscapeLeft UIInterfaceOrientationLandscapeRight";
				INFOPLIST_KEY_UISupportedInterfaceOrientations_iPhone = "UIInterfaceOrientationPortrait UIInterfaceOrientationLandscapeLeft UIInterfaceOrientationLandscapeRight";
				LD_RUNPATH_SEARCH_PATHS = (
					"$(inherited)",
					"@executable_path/Frameworks",
				);
				MARKETING_VERSION = 1.0;
				PRODUCT_BUNDLE_IDENTIFIER = com.dziobaczy.RenderingExperiments;
				PRODUCT_NAME = "$(TARGET_NAME)";
				SWIFT_EMIT_LOC_STRINGS = YES;
				SWIFT_VERSION = 5.0;
				TARGETED_DEVICE_FAMILY = "1,2";
			};
			name = Release;
		};
		8A3A9B2D288801A6006F81CF /* Debug */ = {
			isa = XCBuildConfiguration;
			buildSettings = {
				ASSETCATALOG_COMPILER_GLOBAL_ACCENT_COLOR_NAME = AccentColor;
				ASSETCATALOG_COMPILER_WIDGET_BACKGROUND_COLOR_NAME = WidgetBackground;
				CODE_SIGN_STYLE = Automatic;
				CURRENT_PROJECT_VERSION = 1;
				DEVELOPMENT_TEAM = 3L3PA22CNL;
				GENERATE_INFOPLIST_FILE = YES;
				INFOPLIST_FILE = RenderingExperimentsWidget/Info.plist;
				INFOPLIST_KEY_CFBundleDisplayName = RenderingExperimentsWidget;
				INFOPLIST_KEY_NSHumanReadableCopyright = "";
				LD_RUNPATH_SEARCH_PATHS = (
					"$(inherited)",
					"@executable_path/Frameworks",
					"@executable_path/../../Frameworks",
				);
				MARKETING_VERSION = 1.0;
				PRODUCT_BUNDLE_IDENTIFIER = com.dziobaczy.RenderingExperiments.RenderingExperimentsWidget;
				PRODUCT_NAME = "$(TARGET_NAME)";
				SKIP_INSTALL = YES;
				SWIFT_EMIT_LOC_STRINGS = YES;
				SWIFT_VERSION = 5.0;
				TARGETED_DEVICE_FAMILY = "1,2";
			};
			name = Debug;
		};
		8A3A9B2E288801A6006F81CF /* Release */ = {
			isa = XCBuildConfiguration;
			buildSettings = {
				ASSETCATALOG_COMPILER_GLOBAL_ACCENT_COLOR_NAME = AccentColor;
				ASSETCATALOG_COMPILER_WIDGET_BACKGROUND_COLOR_NAME = WidgetBackground;
				CODE_SIGN_STYLE = Automatic;
				CURRENT_PROJECT_VERSION = 1;
				DEVELOPMENT_TEAM = 3L3PA22CNL;
				GENERATE_INFOPLIST_FILE = YES;
				INFOPLIST_FILE = RenderingExperimentsWidget/Info.plist;
				INFOPLIST_KEY_CFBundleDisplayName = RenderingExperimentsWidget;
				INFOPLIST_KEY_NSHumanReadableCopyright = "";
				LD_RUNPATH_SEARCH_PATHS = (
					"$(inherited)",
					"@executable_path/Frameworks",
					"@executable_path/../../Frameworks",
				);
				MARKETING_VERSION = 1.0;
				PRODUCT_BUNDLE_IDENTIFIER = com.dziobaczy.RenderingExperiments.RenderingExperimentsWidget;
				PRODUCT_NAME = "$(TARGET_NAME)";
				SKIP_INSTALL = YES;
				SWIFT_EMIT_LOC_STRINGS = YES;
				SWIFT_VERSION = 5.0;
				TARGETED_DEVICE_FAMILY = "1,2";
			};
			name = Release;
		};
/* End XCBuildConfiguration section */

/* Begin XCConfigurationList section */
		8A3A9B0028880006006F81CF /* Build configuration list for PBXProject "RenderingExperiments" */ = {
			isa = XCConfigurationList;
			buildConfigurations = (
				8A3A9B1128880007006F81CF /* Debug */,
				8A3A9B1228880007006F81CF /* Release */,
			);
			defaultConfigurationIsVisible = 0;
			defaultConfigurationName = Release;
		};
		8A3A9B1328880007006F81CF /* Build configuration list for PBXNativeTarget "RenderingExperiments" */ = {
			isa = XCConfigurationList;
			buildConfigurations = (
				8A3A9B1428880007006F81CF /* Debug */,
				8A3A9B1528880007006F81CF /* Release */,
			);
			defaultConfigurationIsVisible = 0;
			defaultConfigurationName = Release;
		};
		8A3A9B2C288801A6006F81CF /* Build configuration list for PBXNativeTarget "RenderingExperimentsWidgetExtension" */ = {
			isa = XCConfigurationList;
			buildConfigurations = (
				8A3A9B2D288801A6006F81CF /* Debug */,
				8A3A9B2E288801A6006F81CF /* Release */,
			);
			defaultConfigurationIsVisible = 0;
			defaultConfigurationName = Release;
		};
/* End XCConfigurationList section */
	};
	rootObject = 8A3A9AFD28880006006F81CF /* Project object */;
}
